// !$*UTF8*$!
{
	archiveVersion = 1;
	classes = {
	};
	objectVersion = 50;
	objects = {

/* Begin PBXBuildFile section */
		D424EDBD24FE859B00668636 /* EventDisplayView.swift in Sources */ = {isa = PBXBuildFile; fileRef = D424EDBC24FE859B00668636 /* EventDisplayView.swift */; };
		D424EDBE24FE859B00668636 /* EventDisplayView.swift in Sources */ = {isa = PBXBuildFile; fileRef = D424EDBC24FE859B00668636 /* EventDisplayView.swift */; };
		DF71F50724FD50B900FC3028 /* InnovationApp.swift in Sources */ = {isa = PBXBuildFile; fileRef = DF71F4F424FD50B800FC3028 /* InnovationApp.swift */; };
		DF71F50824FD50B900FC3028 /* InnovationApp.swift in Sources */ = {isa = PBXBuildFile; fileRef = DF71F4F424FD50B800FC3028 /* InnovationApp.swift */; };
		DF71F50924FD50B900FC3028 /* EntryView.swift in Sources */ = {isa = PBXBuildFile; fileRef = DF71F4F524FD50B800FC3028 /* EntryView.swift */; };
		DF71F50A24FD50B900FC3028 /* EntryView.swift in Sources */ = {isa = PBXBuildFile; fileRef = DF71F4F524FD50B800FC3028 /* EntryView.swift */; };
		DF71F50B24FD50B900FC3028 /* Assets.xcassets in Resources */ = {isa = PBXBuildFile; fileRef = DF71F4F624FD50B900FC3028 /* Assets.xcassets */; };
		DF71F50C24FD50B900FC3028 /* Assets.xcassets in Resources */ = {isa = PBXBuildFile; fileRef = DF71F4F624FD50B900FC3028 /* Assets.xcassets */; };
		DF71F51624FD830400FC3028 /* CreateEventView.swift in Sources */ = {isa = PBXBuildFile; fileRef = DF71F51524FD830400FC3028 /* CreateEventView.swift */; };
		DF71F51724FD830400FC3028 /* CreateEventView.swift in Sources */ = {isa = PBXBuildFile; fileRef = DF71F51524FD830400FC3028 /* CreateEventView.swift */; };
		DF71F51924FD8AC900FC3028 /* ColorManager.swift in Sources */ = {isa = PBXBuildFile; fileRef = DF71F51824FD8AC900FC3028 /* ColorManager.swift */; };
		DF71F51A24FD8AC900FC3028 /* ColorManager.swift in Sources */ = {isa = PBXBuildFile; fileRef = DF71F51824FD8AC900FC3028 /* ColorManager.swift */; };
		DF71F51D24FEC77300FC3028 /* Restaurant.swift in Sources */ = {isa = PBXBuildFile; fileRef = DF71F51C24FEC77300FC3028 /* Restaurant.swift */; };
		DF71F51F24FECE6A00FC3028 /* ResultView.swift in Sources */ = {isa = PBXBuildFile; fileRef = DF71F51E24FECE6A00FC3028 /* ResultView.swift */; };
/* End PBXBuildFile section */

/* Begin PBXFileReference section */
		D424EDBC24FE859B00668636 /* EventDisplayView.swift */ = {isa = PBXFileReference; lastKnownFileType = sourcecode.swift; path = EventDisplayView.swift; sourceTree = "<group>"; };
		DF71F4F424FD50B800FC3028 /* InnovationApp.swift */ = {isa = PBXFileReference; lastKnownFileType = sourcecode.swift; path = InnovationApp.swift; sourceTree = "<group>"; };
		DF71F4F524FD50B800FC3028 /* EntryView.swift */ = {isa = PBXFileReference; lastKnownFileType = sourcecode.swift; path = EntryView.swift; sourceTree = "<group>"; };
		DF71F4F624FD50B900FC3028 /* Assets.xcassets */ = {isa = PBXFileReference; lastKnownFileType = folder.assetcatalog; path = Assets.xcassets; sourceTree = "<group>"; };
		DF71F4FB24FD50B900FC3028 /* Innovation.app */ = {isa = PBXFileReference; explicitFileType = wrapper.application; includeInIndex = 0; path = Innovation.app; sourceTree = BUILT_PRODUCTS_DIR; };
		DF71F4FE24FD50B900FC3028 /* Info.plist */ = {isa = PBXFileReference; lastKnownFileType = text.plist.xml; path = Info.plist; sourceTree = "<group>"; };
		DF71F50324FD50B900FC3028 /* Innovation.app */ = {isa = PBXFileReference; explicitFileType = wrapper.application; includeInIndex = 0; path = Innovation.app; sourceTree = BUILT_PRODUCTS_DIR; };
		DF71F50524FD50B900FC3028 /* Info.plist */ = {isa = PBXFileReference; lastKnownFileType = text.plist.xml; path = Info.plist; sourceTree = "<group>"; };
		DF71F50624FD50B900FC3028 /* macOS.entitlements */ = {isa = PBXFileReference; lastKnownFileType = text.plist.entitlements; path = macOS.entitlements; sourceTree = "<group>"; };
		DF71F51524FD830400FC3028 /* CreateEventView.swift */ = {isa = PBXFileReference; lastKnownFileType = sourcecode.swift; path = CreateEventView.swift; sourceTree = "<group>"; };
		DF71F51824FD8AC900FC3028 /* ColorManager.swift */ = {isa = PBXFileReference; lastKnownFileType = sourcecode.swift; path = ColorManager.swift; sourceTree = "<group>"; };
		DF71F51C24FEC77300FC3028 /* Restaurant.swift */ = {isa = PBXFileReference; lastKnownFileType = sourcecode.swift; path = Restaurant.swift; sourceTree = "<group>"; };
		DF71F51E24FECE6A00FC3028 /* ResultView.swift */ = {isa = PBXFileReference; lastKnownFileType = sourcecode.swift; path = ResultView.swift; sourceTree = "<group>"; };
/* End PBXFileReference section */

/* Begin PBXFrameworksBuildPhase section */
		DF71F4F824FD50B900FC3028 /* Frameworks */ = {
			isa = PBXFrameworksBuildPhase;
			buildActionMask = 2147483647;
			files = (
			);
			runOnlyForDeploymentPostprocessing = 0;
		};
		DF71F50024FD50B900FC3028 /* Frameworks */ = {
			isa = PBXFrameworksBuildPhase;
			buildActionMask = 2147483647;
			files = (
			);
			runOnlyForDeploymentPostprocessing = 0;
		};
/* End PBXFrameworksBuildPhase section */

/* Begin PBXGroup section */
		DF71F4EE24FD50B800FC3028 = {
			isa = PBXGroup;
			children = (
				DF71F4F324FD50B800FC3028 /* Shared */,
				DF71F4FD24FD50B900FC3028 /* iOS */,
				DF71F50424FD50B900FC3028 /* macOS */,
				DF71F4FC24FD50B900FC3028 /* Products */,
			);
			sourceTree = "<group>";
		};
		DF71F4F324FD50B800FC3028 /* Shared */ = {
			isa = PBXGroup;
			children = (
				DF71F51B24FEC76100FC3028 /* Models */,
				DF71F4F424FD50B800FC3028 /* InnovationApp.swift */,
				DF71F4F524FD50B800FC3028 /* EntryView.swift */,
				DF71F4F624FD50B900FC3028 /* Assets.xcassets */,
				DF71F51524FD830400FC3028 /* CreateEventView.swift */,
				DF71F51824FD8AC900FC3028 /* ColorManager.swift */,
				D424EDBC24FE859B00668636 /* EventDisplayView.swift */,
				DF71F51E24FECE6A00FC3028 /* ResultView.swift */,
			);
			path = Shared;
			sourceTree = "<group>";
		};
		DF71F4FC24FD50B900FC3028 /* Products */ = {
			isa = PBXGroup;
			children = (
				DF71F4FB24FD50B900FC3028 /* Innovation.app */,
				DF71F50324FD50B900FC3028 /* Innovation.app */,
			);
			name = Products;
			sourceTree = "<group>";
		};
		DF71F4FD24FD50B900FC3028 /* iOS */ = {
			isa = PBXGroup;
			children = (
				DF71F4FE24FD50B900FC3028 /* Info.plist */,
			);
			path = iOS;
			sourceTree = "<group>";
		};
		DF71F50424FD50B900FC3028 /* macOS */ = {
			isa = PBXGroup;
			children = (
				DF71F50524FD50B900FC3028 /* Info.plist */,
				DF71F50624FD50B900FC3028 /* macOS.entitlements */,
			);
			path = macOS;
			sourceTree = "<group>";
		};
		DF71F51B24FEC76100FC3028 /* Models */ = {
			isa = PBXGroup;
			children = (
				DF71F51C24FEC77300FC3028 /* Restaurant.swift */,
			);
			path = Models;
			sourceTree = "<group>";
		};
/* End PBXGroup section */

/* Begin PBXNativeTarget section */
		DF71F4FA24FD50B900FC3028 /* Innovation (iOS) */ = {
			isa = PBXNativeTarget;
			buildConfigurationList = DF71F50F24FD50BA00FC3028 /* Build configuration list for PBXNativeTarget "Innovation (iOS)" */;
			buildPhases = (
				DF71F4F724FD50B900FC3028 /* Sources */,
				DF71F4F824FD50B900FC3028 /* Frameworks */,
				DF71F4F924FD50B900FC3028 /* Resources */,
			);
			buildRules = (
			);
			dependencies = (
			);
			name = "Innovation (iOS)";
			productName = "Innovation (iOS)";
			productReference = DF71F4FB24FD50B900FC3028 /* Innovation.app */;
			productType = "com.apple.product-type.application";
		};
		DF71F50224FD50B900FC3028 /* Innovation (macOS) */ = {
			isa = PBXNativeTarget;
			buildConfigurationList = DF71F51224FD50BA00FC3028 /* Build configuration list for PBXNativeTarget "Innovation (macOS)" */;
			buildPhases = (
				DF71F4FF24FD50B900FC3028 /* Sources */,
				DF71F50024FD50B900FC3028 /* Frameworks */,
				DF71F50124FD50B900FC3028 /* Resources */,
			);
			buildRules = (
			);
			dependencies = (
			);
			name = "Innovation (macOS)";
			productName = "Innovation (macOS)";
			productReference = DF71F50324FD50B900FC3028 /* Innovation.app */;
			productType = "com.apple.product-type.application";
		};
/* End PBXNativeTarget section */

/* Begin PBXProject section */
		DF71F4EF24FD50B800FC3028 /* Project object */ = {
			isa = PBXProject;
			attributes = {
				LastSwiftUpdateCheck = 1200;
				LastUpgradeCheck = 1200;
				TargetAttributes = {
					DF71F4FA24FD50B900FC3028 = {
						CreatedOnToolsVersion = 12.0;
					};
					DF71F50224FD50B900FC3028 = {
						CreatedOnToolsVersion = 12.0;
					};
				};
			};
			buildConfigurationList = DF71F4F224FD50B800FC3028 /* Build configuration list for PBXProject "Innovation" */;
			compatibilityVersion = "Xcode 9.3";
			developmentRegion = en;
			hasScannedForEncodings = 0;
			knownRegions = (
				en,
				Base,
			);
			mainGroup = DF71F4EE24FD50B800FC3028;
			productRefGroup = DF71F4FC24FD50B900FC3028 /* Products */;
			projectDirPath = "";
			projectRoot = "";
			targets = (
				DF71F4FA24FD50B900FC3028 /* Innovation (iOS) */,
				DF71F50224FD50B900FC3028 /* Innovation (macOS) */,
			);
		};
/* End PBXProject section */

/* Begin PBXResourcesBuildPhase section */
		DF71F4F924FD50B900FC3028 /* Resources */ = {
			isa = PBXResourcesBuildPhase;
			buildActionMask = 2147483647;
			files = (
				DF71F50B24FD50B900FC3028 /* Assets.xcassets in Resources */,
			);
			runOnlyForDeploymentPostprocessing = 0;
		};
		DF71F50124FD50B900FC3028 /* Resources */ = {
			isa = PBXResourcesBuildPhase;
			buildActionMask = 2147483647;
			files = (
				DF71F50C24FD50B900FC3028 /* Assets.xcassets in Resources */,
			);
			runOnlyForDeploymentPostprocessing = 0;
		};
/* End PBXResourcesBuildPhase section */

/* Begin PBXSourcesBuildPhase section */
		DF71F4F724FD50B900FC3028 /* Sources */ = {
			isa = PBXSourcesBuildPhase;
			buildActionMask = 2147483647;
			files = (
				DF71F51624FD830400FC3028 /* CreateEventView.swift in Sources */,
				DF71F50924FD50B900FC3028 /* EntryView.swift in Sources */,
				DF71F51D24FEC77300FC3028 /* Restaurant.swift in Sources */,
				D424EDBD24FE859B00668636 /* EventDisplayView.swift in Sources */,
				DF71F50724FD50B900FC3028 /* InnovationApp.swift in Sources */,
				DF71F51F24FECE6A00FC3028 /* ResultView.swift in Sources */,
				DF71F51924FD8AC900FC3028 /* ColorManager.swift in Sources */,
			);
			runOnlyForDeploymentPostprocessing = 0;
		};
		DF71F4FF24FD50B900FC3028 /* Sources */ = {
			isa = PBXSourcesBuildPhase;
			buildActionMask = 2147483647;
			files = (
				DF71F51724FD830400FC3028 /* CreateEventView.swift in Sources */,
				DF71F50A24FD50B900FC3028 /* EntryView.swift in Sources */,
				D424EDBE24FE859B00668636 /* EventDisplayView.swift in Sources */,
				DF71F50824FD50B900FC3028 /* InnovationApp.swift in Sources */,
				DF71F51A24FD8AC900FC3028 /* ColorManager.swift in Sources */,
			);
			runOnlyForDeploymentPostprocessing = 0;
		};
/* End PBXSourcesBuildPhase section */

/* Begin XCBuildConfiguration section */
		DF71F50D24FD50B900FC3028 /* Debug */ = {
			isa = XCBuildConfiguration;
			buildSettings = {
				ALWAYS_SEARCH_USER_PATHS = NO;
				CLANG_ANALYZER_NONNULL = YES;
				CLANG_ANALYZER_NUMBER_OBJECT_CONVERSION = YES_AGGRESSIVE;
				CLANG_CXX_LANGUAGE_STANDARD = "gnu++14";
				CLANG_CXX_LIBRARY = "libc++";
				CLANG_ENABLE_MODULES = YES;
				CLANG_ENABLE_OBJC_ARC = YES;
				CLANG_ENABLE_OBJC_WEAK = YES;
				CLANG_WARN_BLOCK_CAPTURE_AUTORELEASING = YES;
				CLANG_WARN_BOOL_CONVERSION = YES;
				CLANG_WARN_COMMA = YES;
				CLANG_WARN_CONSTANT_CONVERSION = YES;
				CLANG_WARN_DEPRECATED_OBJC_IMPLEMENTATIONS = YES;
				CLANG_WARN_DIRECT_OBJC_ISA_USAGE = YES_ERROR;
				CLANG_WARN_DOCUMENTATION_COMMENTS = YES;
				CLANG_WARN_EMPTY_BODY = YES;
				CLANG_WARN_ENUM_CONVERSION = YES;
				CLANG_WARN_INFINITE_RECURSION = YES;
				CLANG_WARN_INT_CONVERSION = YES;
				CLANG_WARN_NON_LITERAL_NULL_CONVERSION = YES;
				CLANG_WARN_OBJC_IMPLICIT_RETAIN_SELF = YES;
				CLANG_WARN_OBJC_LITERAL_CONVERSION = YES;
				CLANG_WARN_OBJC_ROOT_CLASS = YES_ERROR;
				CLANG_WARN_QUOTED_INCLUDE_IN_FRAMEWORK_HEADER = YES;
				CLANG_WARN_RANGE_LOOP_ANALYSIS = YES;
				CLANG_WARN_STRICT_PROTOTYPES = YES;
				CLANG_WARN_SUSPICIOUS_MOVE = YES;
				CLANG_WARN_UNGUARDED_AVAILABILITY = YES_AGGRESSIVE;
				CLANG_WARN_UNREACHABLE_CODE = YES;
				CLANG_WARN__DUPLICATE_METHOD_MATCH = YES;
				COPY_PHASE_STRIP = NO;
				DEBUG_INFORMATION_FORMAT = dwarf;
				ENABLE_STRICT_OBJC_MSGSEND = YES;
				ENABLE_TESTABILITY = YES;
				GCC_C_LANGUAGE_STANDARD = gnu11;
				GCC_DYNAMIC_NO_PIC = NO;
				GCC_NO_COMMON_BLOCKS = YES;
				GCC_OPTIMIZATION_LEVEL = 0;
				GCC_PREPROCESSOR_DEFINITIONS = (
					"DEBUG=1",
					"$(inherited)",
				);
				GCC_WARN_64_TO_32_BIT_CONVERSION = YES;
				GCC_WARN_ABOUT_RETURN_TYPE = YES_ERROR;
				GCC_WARN_UNDECLARED_SELECTOR = YES;
				GCC_WARN_UNINITIALIZED_AUTOS = YES_AGGRESSIVE;
				GCC_WARN_UNUSED_FUNCTION = YES;
				GCC_WARN_UNUSED_VARIABLE = YES;
				MTL_ENABLE_DEBUG_INFO = INCLUDE_SOURCE;
				MTL_FAST_MATH = YES;
				ONLY_ACTIVE_ARCH = YES;
				SWIFT_ACTIVE_COMPILATION_CONDITIONS = DEBUG;
				SWIFT_OPTIMIZATION_LEVEL = "-Onone";
			};
			name = Debug;
		};
		DF71F50E24FD50B900FC3028 /* Release */ = {
			isa = XCBuildConfiguration;
			buildSettings = {
				ALWAYS_SEARCH_USER_PATHS = NO;
				CLANG_ANALYZER_NONNULL = YES;
				CLANG_ANALYZER_NUMBER_OBJECT_CONVERSION = YES_AGGRESSIVE;
				CLANG_CXX_LANGUAGE_STANDARD = "gnu++14";
				CLANG_CXX_LIBRARY = "libc++";
				CLANG_ENABLE_MODULES = YES;
				CLANG_ENABLE_OBJC_ARC = YES;
				CLANG_ENABLE_OBJC_WEAK = YES;
				CLANG_WARN_BLOCK_CAPTURE_AUTORELEASING = YES;
				CLANG_WARN_BOOL_CONVERSION = YES;
				CLANG_WARN_COMMA = YES;
				CLANG_WARN_CONSTANT_CONVERSION = YES;
				CLANG_WARN_DEPRECATED_OBJC_IMPLEMENTATIONS = YES;
				CLANG_WARN_DIRECT_OBJC_ISA_USAGE = YES_ERROR;
				CLANG_WARN_DOCUMENTATION_COMMENTS = YES;
				CLANG_WARN_EMPTY_BODY = YES;
				CLANG_WARN_ENUM_CONVERSION = YES;
				CLANG_WARN_INFINITE_RECURSION = YES;
				CLANG_WARN_INT_CONVERSION = YES;
				CLANG_WARN_NON_LITERAL_NULL_CONVERSION = YES;
				CLANG_WARN_OBJC_IMPLICIT_RETAIN_SELF = YES;
				CLANG_WARN_OBJC_LITERAL_CONVERSION = YES;
				CLANG_WARN_OBJC_ROOT_CLASS = YES_ERROR;
				CLANG_WARN_QUOTED_INCLUDE_IN_FRAMEWORK_HEADER = YES;
				CLANG_WARN_RANGE_LOOP_ANALYSIS = YES;
				CLANG_WARN_STRICT_PROTOTYPES = YES;
				CLANG_WARN_SUSPICIOUS_MOVE = YES;
				CLANG_WARN_UNGUARDED_AVAILABILITY = YES_AGGRESSIVE;
				CLANG_WARN_UNREACHABLE_CODE = YES;
				CLANG_WARN__DUPLICATE_METHOD_MATCH = YES;
				COPY_PHASE_STRIP = NO;
				DEBUG_INFORMATION_FORMAT = "dwarf-with-dsym";
				ENABLE_NS_ASSERTIONS = NO;
				ENABLE_STRICT_OBJC_MSGSEND = YES;
				GCC_C_LANGUAGE_STANDARD = gnu11;
				GCC_NO_COMMON_BLOCKS = YES;
				GCC_WARN_64_TO_32_BIT_CONVERSION = YES;
				GCC_WARN_ABOUT_RETURN_TYPE = YES_ERROR;
				GCC_WARN_UNDECLARED_SELECTOR = YES;
				GCC_WARN_UNINITIALIZED_AUTOS = YES_AGGRESSIVE;
				GCC_WARN_UNUSED_FUNCTION = YES;
				GCC_WARN_UNUSED_VARIABLE = YES;
				MTL_ENABLE_DEBUG_INFO = NO;
				MTL_FAST_MATH = YES;
				SWIFT_COMPILATION_MODE = wholemodule;
				SWIFT_OPTIMIZATION_LEVEL = "-O";
			};
			name = Release;
		};
		DF71F51024FD50BA00FC3028 /* Debug */ = {
			isa = XCBuildConfiguration;
			buildSettings = {
				ASSETCATALOG_COMPILER_APPICON_NAME = AppIcon;
				ASSETCATALOG_COMPILER_GLOBAL_ACCENT_COLOR_NAME = AccentColor;
				CODE_SIGN_STYLE = Automatic;
				DEVELOPMENT_TEAM = 669YBX36RK;
				ENABLE_PREVIEWS = YES;
				INFOPLIST_FILE = iOS/Info.plist;
				IPHONEOS_DEPLOYMENT_TARGET = 14.0;
				LD_RUNPATH_SEARCH_PATHS = (
					"$(inherited)",
					"@executable_path/Frameworks",
				);
				PRODUCT_BUNDLE_IDENTIFIER = com.Daugherty.Innovation;
				PRODUCT_NAME = Innovation;
				SDKROOT = iphoneos;
				SWIFT_VERSION = 5.0;
				TARGETED_DEVICE_FAMILY = "1,2";
			};
			name = Debug;
		};
		DF71F51124FD50BA00FC3028 /* Release */ = {
			isa = XCBuildConfiguration;
			buildSettings = {
				ASSETCATALOG_COMPILER_APPICON_NAME = AppIcon;
				ASSETCATALOG_COMPILER_GLOBAL_ACCENT_COLOR_NAME = AccentColor;
				CODE_SIGN_STYLE = Automatic;
				DEVELOPMENT_TEAM = 669YBX36RK;
				ENABLE_PREVIEWS = YES;
				INFOPLIST_FILE = iOS/Info.plist;
				IPHONEOS_DEPLOYMENT_TARGET = 14.0;
				LD_RUNPATH_SEARCH_PATHS = (
					"$(inherited)",
					"@executable_path/Frameworks",
				);
				PRODUCT_BUNDLE_IDENTIFIER = com.Daugherty.Innovation;
				PRODUCT_NAME = Innovation;
				SDKROOT = iphoneos;
				SWIFT_VERSION = 5.0;
				TARGETED_DEVICE_FAMILY = "1,2";
				VALIDATE_PRODUCT = YES;
			};
			name = Release;
		};
		DF71F51324FD50BA00FC3028 /* Debug */ = {
			isa = XCBuildConfiguration;
			buildSettings = {
				ASSETCATALOG_COMPILER_APPICON_NAME = AppIcon;
				ASSETCATALOG_COMPILER_GLOBAL_ACCENT_COLOR_NAME = AccentColor;
				CODE_SIGN_ENTITLEMENTS = macOS/macOS.entitlements;
				CODE_SIGN_STYLE = Automatic;
				COMBINE_HIDPI_IMAGES = YES;
				DEVELOPMENT_TEAM = 669YBX36RK;
				ENABLE_HARDENED_RUNTIME = YES;
				ENABLE_PREVIEWS = YES;
				INFOPLIST_FILE = macOS/Info.plist;
				LD_RUNPATH_SEARCH_PATHS = (
					"$(inherited)",
					"@executable_path/../Frameworks",
				);
				MACOSX_DEPLOYMENT_TARGET = 11.0;
				PRODUCT_BUNDLE_IDENTIFIER = com.Daugherty.Innovation;
				PRODUCT_NAME = Innovation;
				SDKROOT = macosx;
				SWIFT_VERSION = 5.0;
			};
			name = Debug;
		};
		DF71F51424FD50BA00FC3028 /* Release */ = {
			isa = XCBuildConfiguration;
			buildSettings = {
				ASSETCATALOG_COMPILER_APPICON_NAME = AppIcon;
				ASSETCATALOG_COMPILER_GLOBAL_ACCENT_COLOR_NAME = AccentColor;
				CODE_SIGN_ENTITLEMENTS = macOS/macOS.entitlements;
				CODE_SIGN_STYLE = Automatic;
				COMBINE_HIDPI_IMAGES = YES;
				DEVELOPMENT_TEAM = 669YBX36RK;
				ENABLE_HARDENED_RUNTIME = YES;
				ENABLE_PREVIEWS = YES;
				INFOPLIST_FILE = macOS/Info.plist;
				LD_RUNPATH_SEARCH_PATHS = (
					"$(inherited)",
					"@executable_path/../Frameworks",
				);
				MACOSX_DEPLOYMENT_TARGET = 11.0;
				PRODUCT_BUNDLE_IDENTIFIER = com.Daugherty.Innovation;
				PRODUCT_NAME = Innovation;
				SDKROOT = macosx;
				SWIFT_VERSION = 5.0;
			};
			name = Release;
		};
/* End XCBuildConfiguration section */

/* Begin XCConfigurationList section */
		DF71F4F224FD50B800FC3028 /* Build configuration list for PBXProject "Innovation" */ = {
			isa = XCConfigurationList;
			buildConfigurations = (
				DF71F50D24FD50B900FC3028 /* Debug */,
				DF71F50E24FD50B900FC3028 /* Release */,
			);
			defaultConfigurationIsVisible = 0;
			defaultConfigurationName = Release;
		};
		DF71F50F24FD50BA00FC3028 /* Build configuration list for PBXNativeTarget "Innovation (iOS)" */ = {
			isa = XCConfigurationList;
			buildConfigurations = (
				DF71F51024FD50BA00FC3028 /* Debug */,
				DF71F51124FD50BA00FC3028 /* Release */,
			);
			defaultConfigurationIsVisible = 0;
			defaultConfigurationName = Release;
		};
		DF71F51224FD50BA00FC3028 /* Build configuration list for PBXNativeTarget "Innovation (macOS)" */ = {
			isa = XCConfigurationList;
			buildConfigurations = (
				DF71F51324FD50BA00FC3028 /* Debug */,
				DF71F51424FD50BA00FC3028 /* Release */,
			);
			defaultConfigurationIsVisible = 0;
			defaultConfigurationName = Release;
		};
/* End XCConfigurationList section */
	};
	rootObject = DF71F4EF24FD50B800FC3028 /* Project object */;
}
